// !$*UTF8*$!
{
	archiveVersion = 1;
	classes = {
	};
	objectVersion = 48;
	objects = {

/* Begin PBXBuildFile section */
		11B6C511201507CC000CECC2 /* AppDelegate.swift in Sources */ = {isa = PBXBuildFile; fileRef = 11B6C510201507CC000CECC2 /* AppDelegate.swift */; };
		11B6C513201507CC000CECC2 /* ViewController.swift in Sources */ = {isa = PBXBuildFile; fileRef = 11B6C512201507CC000CECC2 /* ViewController.swift */; };
		11B6C516201507CC000CECC2 /* Main.storyboard in Resources */ = {isa = PBXBuildFile; fileRef = 11B6C514201507CC000CECC2 /* Main.storyboard */; };
		11B6C518201507CC000CECC2 /* Assets.xcassets in Resources */ = {isa = PBXBuildFile; fileRef = 11B6C517201507CC000CECC2 /* Assets.xcassets */; };
		11B6C51B201507CC000CECC2 /* LaunchScreen.storyboard in Resources */ = {isa = PBXBuildFile; fileRef = 11B6C519201507CC000CECC2 /* LaunchScreen.storyboard */; };
		3D476BD09D9A21D30B0615E4 /* BuddyBuildSDK.framework in Frameworks */ = {isa = PBXBuildFile; fileRef = A0F354A1443AAC04368B261E /* BuddyBuildSDK.framework */; };
		4A848A4A69F6FA91966A50F2 /* CoreTelephony.framework in Frameworks */ = {isa = PBXBuildFile; fileRef = 12821E2A41C80839E30A2257 /* CoreTelephony.framework */; };
		4B8D2A28364C94BE5889B219 /* AssetsLibrary.framework in Frameworks */ = {isa = PBXBuildFile; fileRef = 22785E4ED5DC581C922A180B /* AssetsLibrary.framework */; };
		4F2A3CFDE0AAD467A48769A1 /* QuartzCore.framework in Frameworks */ = {isa = PBXBuildFile; fileRef = 9A58C035E2DCD16FCD6C3207 /* QuartzCore.framework */; };
		82BC069B053E6221497E60FC /* CoreMedia.framework in Frameworks */ = {isa = PBXBuildFile; fileRef = D93EAF5A2B57AC5CBB9EA89E /* CoreMedia.framework */; };
		AB23C488A18D4A95BA2AD6F7 /* CoreText.framework in Frameworks */ = {isa = PBXBuildFile; fileRef = 0BBD980B1AF97183405D5687 /* CoreText.framework */; };
		C37719583B4D4B0D1A903462 /* AVFoundation.framework in Frameworks */ = {isa = PBXBuildFile; fileRef = 8EB10E8B3EF9AA40E5E22FAF /* AVFoundation.framework */; };
		D86C5057632FB1F9CE9DC913 /* SystemConfiguration.framework in Frameworks */ = {isa = PBXBuildFile; fileRef = 4BD856536563EC41F4966850 /* SystemConfiguration.framework */; };
		E32F16188FE6413D84F8BE38 /* CoreVideo.framework in Frameworks */ = {isa = PBXBuildFile; fileRef = 8C749AD524CAD96452AB77F0 /* CoreVideo.framework */; };
/* End PBXBuildFile section */

/* Begin PBXFileReference section */
		0BBD980B1AF97183405D5687 /* CoreText.framework */ = {isa = PBXFileReference; lastKnownFileType = wrapper.framework; name = CoreText.framework; path = System/Library/Frameworks/CoreText.framework; sourceTree = SDKROOT; };
		11B6C50D201507CC000CECC2 /* KittyCat.app */ = {isa = PBXFileReference; explicitFileType = wrapper.application; includeInIndex = 0; path = KittyCat.app; sourceTree = BUILT_PRODUCTS_DIR; };
		11B6C510201507CC000CECC2 /* AppDelegate.swift */ = {isa = PBXFileReference; lastKnownFileType = sourcecode.swift; path = AppDelegate.swift; sourceTree = "<group>"; };
		11B6C512201507CC000CECC2 /* ViewController.swift */ = {isa = PBXFileReference; lastKnownFileType = sourcecode.swift; path = ViewController.swift; sourceTree = "<group>"; };
		11B6C515201507CC000CECC2 /* Base */ = {isa = PBXFileReference; lastKnownFileType = file.storyboard; name = Base; path = Base.lproj/Main.storyboard; sourceTree = "<group>"; };
		11B6C517201507CC000CECC2 /* Assets.xcassets */ = {isa = PBXFileReference; lastKnownFileType = folder.assetcatalog; path = Assets.xcassets; sourceTree = "<group>"; };
		11B6C51A201507CC000CECC2 /* Base */ = {isa = PBXFileReference; lastKnownFileType = file.storyboard; name = Base; path = Base.lproj/LaunchScreen.storyboard; sourceTree = "<group>"; };
		11B6C51C201507CC000CECC2 /* Info.plist */ = {isa = PBXFileReference; lastKnownFileType = text.plist.xml; path = Info.plist; sourceTree = "<group>"; };
		12821E2A41C80839E30A2257 /* CoreTelephony.framework */ = {isa = PBXFileReference; lastKnownFileType = wrapper.framework; name = CoreTelephony.framework; path = System/Library/Frameworks/CoreTelephony.framework; sourceTree = SDKROOT; };
		22785E4ED5DC581C922A180B /* AssetsLibrary.framework */ = {isa = PBXFileReference; lastKnownFileType = wrapper.framework; name = AssetsLibrary.framework; path = System/Library/Frameworks/AssetsLibrary.framework; sourceTree = SDKROOT; };
		4BD856536563EC41F4966850 /* SystemConfiguration.framework */ = {isa = PBXFileReference; lastKnownFileType = wrapper.framework; name = SystemConfiguration.framework; path = System/Library/Frameworks/SystemConfiguration.framework; sourceTree = SDKROOT; };
		8C749AD524CAD96452AB77F0 /* CoreVideo.framework */ = {isa = PBXFileReference; lastKnownFileType = wrapper.framework; name = CoreVideo.framework; path = System/Library/Frameworks/CoreVideo.framework; sourceTree = SDKROOT; };
		8EB10E8B3EF9AA40E5E22FAF /* AVFoundation.framework */ = {isa = PBXFileReference; lastKnownFileType = wrapper.framework; name = AVFoundation.framework; path = System/Library/Frameworks/AVFoundation.framework; sourceTree = SDKROOT; };
		9A58C035E2DCD16FCD6C3207 /* QuartzCore.framework */ = {isa = PBXFileReference; lastKnownFileType = wrapper.framework; name = QuartzCore.framework; path = System/Library/Frameworks/QuartzCore.framework; sourceTree = SDKROOT; };
		A0F354A1443AAC04368B261E /* BuddyBuildSDK.framework */ = {isa = PBXFileReference; lastKnownFileType = wrapper.framework; name = BuddyBuildSDK.framework; path = BuddyBuildSDK.framework; sourceTree = "<group>"; };
		D93EAF5A2B57AC5CBB9EA89E /* CoreMedia.framework */ = {isa = PBXFileReference; lastKnownFileType = wrapper.framework; name = CoreMedia.framework; path = System/Library/Frameworks/CoreMedia.framework; sourceTree = SDKROOT; };
		F4FB54087B9364B85E104FCF /* Bridging-Header.h */ = {isa = PBXFileReference; includeInIndex = 1; lastKnownFileType = sourcecode.c.h; path = "Bridging-Header.h"; sourceTree = "<group>"; };
/* End PBXFileReference section */

/* Begin PBXFrameworksBuildPhase section */
		11B6C50A201507CC000CECC2 /* Frameworks */ = {
			isa = PBXFrameworksBuildPhase;
			buildActionMask = 2147483647;
			files = (
				3D476BD09D9A21D30B0615E4 /* BuddyBuildSDK.framework in Frameworks */,
				4B8D2A28364C94BE5889B219 /* AssetsLibrary.framework in Frameworks */,
				AB23C488A18D4A95BA2AD6F7 /* CoreText.framework in Frameworks */,
				4A848A4A69F6FA91966A50F2 /* CoreTelephony.framework in Frameworks */,
				D86C5057632FB1F9CE9DC913 /* SystemConfiguration.framework in Frameworks */,
				4F2A3CFDE0AAD467A48769A1 /* QuartzCore.framework in Frameworks */,
				C37719583B4D4B0D1A903462 /* AVFoundation.framework in Frameworks */,
				82BC069B053E6221497E60FC /* CoreMedia.framework in Frameworks */,
				E32F16188FE6413D84F8BE38 /* CoreVideo.framework in Frameworks */,
			);
			runOnlyForDeploymentPostprocessing = 0;
		};
/* End PBXFrameworksBuildPhase section */

/* Begin PBXGroup section */
		11B6C504201507CC000CECC2 = {
			isa = PBXGroup;
			children = (
				11B6C50F201507CC000CECC2 /* KittyCat */,
				11B6C50E201507CC000CECC2 /* Products */,
				868809195679BC6693BB9B29 /* Frameworks */,
				F4FB54087B9364B85E104FCF /* Bridging-Header.h */,
			);
			sourceTree = "<group>";
		};
		11B6C50E201507CC000CECC2 /* Products */ = {
			isa = PBXGroup;
			children = (
				11B6C50D201507CC000CECC2 /* KittyCat.app */,
			);
			name = Products;
			sourceTree = "<group>";
		};
		11B6C50F201507CC000CECC2 /* KittyCat */ = {
			isa = PBXGroup;
			children = (
				11B6C510201507CC000CECC2 /* AppDelegate.swift */,
				11B6C512201507CC000CECC2 /* ViewController.swift */,
				11B6C514201507CC000CECC2 /* Main.storyboard */,
				11B6C517201507CC000CECC2 /* Assets.xcassets */,
				11B6C519201507CC000CECC2 /* LaunchScreen.storyboard */,
				11B6C51C201507CC000CECC2 /* Info.plist */,
			);
			path = KittyCat;
			sourceTree = "<group>";
		};
		868809195679BC6693BB9B29 /* Frameworks */ = {
			isa = PBXGroup;
			children = (
				A0F354A1443AAC04368B261E /* BuddyBuildSDK.framework */,
				22785E4ED5DC581C922A180B /* AssetsLibrary.framework */,
				0BBD980B1AF97183405D5687 /* CoreText.framework */,
				12821E2A41C80839E30A2257 /* CoreTelephony.framework */,
				4BD856536563EC41F4966850 /* SystemConfiguration.framework */,
				9A58C035E2DCD16FCD6C3207 /* QuartzCore.framework */,
				8EB10E8B3EF9AA40E5E22FAF /* AVFoundation.framework */,
				D93EAF5A2B57AC5CBB9EA89E /* CoreMedia.framework */,
				8C749AD524CAD96452AB77F0 /* CoreVideo.framework */,
			);
			name = Frameworks;
			sourceTree = "<group>";
		};
/* End PBXGroup section */

/* Begin PBXNativeTarget section */
		11B6C50C201507CC000CECC2 /* KittyCat */ = {
			isa = PBXNativeTarget;
			buildConfigurationList = 11B6C51F201507CC000CECC2 /* Build configuration list for PBXNativeTarget "KittyCat" */;
			buildPhases = (
				11B6C509201507CC000CECC2 /* Sources */,
				11B6C50A201507CC000CECC2 /* Frameworks */,
				11B6C50B201507CC000CECC2 /* Resources */,
			);
			buildRules = (
			);
			dependencies = (
			);
			name = KittyCat;
			productName = KittyCat;
			productReference = 11B6C50D201507CC000CECC2 /* KittyCat.app */;
			productType = "com.apple.product-type.application";
		};
/* End PBXNativeTarget section */

/* Begin PBXProject section */
		11B6C505201507CC000CECC2 /* Project object */ = {
			isa = PBXProject;
			attributes = {
				LastSwiftUpdateCheck = 0920;
				LastUpgradeCheck = 0920;
				ORGANIZATIONNAME = "Sabrina Rubert";
				TargetAttributes = {
					11B6C50C201507CC000CECC2 = {
						CreatedOnToolsVersion = 9.2;
						ProvisioningStyle = Automatic;
					};
				};
			};
			buildConfigurationList = 11B6C508201507CC000CECC2 /* Build configuration list for PBXProject "KittyCat" */;
			compatibilityVersion = "Xcode 8.0";
			developmentRegion = en;
			hasScannedForEncodings = 0;
			knownRegions = (
				en,
				Base,
			);
			mainGroup = 11B6C504201507CC000CECC2;
			productRefGroup = 11B6C50E201507CC000CECC2 /* Products */;
			projectDirPath = "";
			projectRoot = "";
			targets = (
				11B6C50C201507CC000CECC2 /* KittyCat */,
			);
		};
/* End PBXProject section */

/* Begin PBXResourcesBuildPhase section */
		11B6C50B201507CC000CECC2 /* Resources */ = {
			isa = PBXResourcesBuildPhase;
			buildActionMask = 2147483647;
			files = (
				11B6C51B201507CC000CECC2 /* LaunchScreen.storyboard in Resources */,
				11B6C518201507CC000CECC2 /* Assets.xcassets in Resources */,
				11B6C516201507CC000CECC2 /* Main.storyboard in Resources */,
			);
			runOnlyForDeploymentPostprocessing = 0;
		};
/* End PBXResourcesBuildPhase section */

/* Begin PBXSourcesBuildPhase section */
		11B6C509201507CC000CECC2 /* Sources */ = {
			isa = PBXSourcesBuildPhase;
			buildActionMask = 2147483647;
			files = (
				11B6C513201507CC000CECC2 /* ViewController.swift in Sources */,
				11B6C511201507CC000CECC2 /* AppDelegate.swift in Sources */,
			);
			runOnlyForDeploymentPostprocessing = 0;
		};
/* End PBXSourcesBuildPhase section */

/* Begin PBXVariantGroup section */
		11B6C514201507CC000CECC2 /* Main.storyboard */ = {
			isa = PBXVariantGroup;
			children = (
				11B6C515201507CC000CECC2 /* Base */,
			);
			name = Main.storyboard;
			sourceTree = "<group>";
		};
		11B6C519201507CC000CECC2 /* LaunchScreen.storyboard */ = {
			isa = PBXVariantGroup;
			children = (
				11B6C51A201507CC000CECC2 /* Base */,
			);
			name = LaunchScreen.storyboard;
			sourceTree = "<group>";
		};
/* End PBXVariantGroup section */

/* Begin XCBuildConfiguration section */
		11B6C51D201507CC000CECC2 /* Debug */ = {
			isa = XCBuildConfiguration;
			buildSettings = {
				ALWAYS_SEARCH_USER_PATHS = NO;
				CLANG_ANALYZER_NONNULL = YES;
				CLANG_ANALYZER_NUMBER_OBJECT_CONVERSION = YES_AGGRESSIVE;
				CLANG_CXX_LANGUAGE_STANDARD = "gnu++14";
				CLANG_CXX_LIBRARY = "libc++";
				CLANG_ENABLE_MODULES = YES;
				CLANG_ENABLE_OBJC_ARC = YES;
				CLANG_WARN_BLOCK_CAPTURE_AUTORELEASING = YES;
				CLANG_WARN_BOOL_CONVERSION = YES;
				CLANG_WARN_COMMA = YES;
				CLANG_WARN_CONSTANT_CONVERSION = YES;
				CLANG_WARN_DIRECT_OBJC_ISA_USAGE = YES_ERROR;
				CLANG_WARN_DOCUMENTATION_COMMENTS = YES;
				CLANG_WARN_EMPTY_BODY = YES;
				CLANG_WARN_ENUM_CONVERSION = YES;
				CLANG_WARN_INFINITE_RECURSION = YES;
				CLANG_WARN_INT_CONVERSION = YES;
				CLANG_WARN_NON_LITERAL_NULL_CONVERSION = YES;
				CLANG_WARN_OBJC_LITERAL_CONVERSION = YES;
				CLANG_WARN_OBJC_ROOT_CLASS = YES_ERROR;
				CLANG_WARN_RANGE_LOOP_ANALYSIS = YES;
				CLANG_WARN_STRICT_PROTOTYPES = YES;
				CLANG_WARN_SUSPICIOUS_MOVE = YES;
				CLANG_WARN_UNGUARDED_AVAILABILITY = YES_AGGRESSIVE;
				CLANG_WARN_UNREACHABLE_CODE = YES;
				CLANG_WARN__DUPLICATE_METHOD_MATCH = YES;
				CODE_SIGN_IDENTITY = "iPhone Developer";
				COPY_PHASE_STRIP = NO;
				DEBUG_INFORMATION_FORMAT = dwarf;
				ENABLE_STRICT_OBJC_MSGSEND = YES;
				ENABLE_TESTABILITY = YES;
				GCC_C_LANGUAGE_STANDARD = gnu11;
				GCC_DYNAMIC_NO_PIC = NO;
				GCC_NO_COMMON_BLOCKS = YES;
				GCC_OPTIMIZATION_LEVEL = 0;
				GCC_PREPROCESSOR_DEFINITIONS = (
					"DEBUG=1",
					"$(inherited)",
				);
				GCC_WARN_64_TO_32_BIT_CONVERSION = YES;
				GCC_WARN_ABOUT_RETURN_TYPE = YES_ERROR;
				GCC_WARN_UNDECLARED_SELECTOR = YES;
				GCC_WARN_UNINITIALIZED_AUTOS = YES_AGGRESSIVE;
				GCC_WARN_UNUSED_FUNCTION = YES;
				GCC_WARN_UNUSED_VARIABLE = YES;
				IPHONEOS_DEPLOYMENT_TARGET = 11.2;
				MTL_ENABLE_DEBUG_INFO = YES;
				ONLY_ACTIVE_ARCH = YES;
				SDKROOT = iphoneos;
				SWIFT_ACTIVE_COMPILATION_CONDITIONS = DEBUG;
				SWIFT_OPTIMIZATION_LEVEL = "-Onone";
			};
			name = Debug;
		};
		11B6C51E201507CC000CECC2 /* Release */ = {
			isa = XCBuildConfiguration;
			buildSettings = {
				ALWAYS_SEARCH_USER_PATHS = NO;
				CLANG_ANALYZER_NONNULL = YES;
				CLANG_ANALYZER_NUMBER_OBJECT_CONVERSION = YES_AGGRESSIVE;
				CLANG_CXX_LANGUAGE_STANDARD = "gnu++14";
				CLANG_CXX_LIBRARY = "libc++";
				CLANG_ENABLE_MODULES = YES;
				CLANG_ENABLE_OBJC_ARC = YES;
				CLANG_WARN_BLOCK_CAPTURE_AUTORELEASING = YES;
				CLANG_WARN_BOOL_CONVERSION = YES;
				CLANG_WARN_COMMA = YES;
				CLANG_WARN_CONSTANT_CONVERSION = YES;
				CLANG_WARN_DIRECT_OBJC_ISA_USAGE = YES_ERROR;
				CLANG_WARN_DOCUMENTATION_COMMENTS = YES;
				CLANG_WARN_EMPTY_BODY = YES;
				CLANG_WARN_ENUM_CONVERSION = YES;
				CLANG_WARN_INFINITE_RECURSION = YES;
				CLANG_WARN_INT_CONVERSION = YES;
				CLANG_WARN_NON_LITERAL_NULL_CONVERSION = YES;
				CLANG_WARN_OBJC_LITERAL_CONVERSION = YES;
				CLANG_WARN_OBJC_ROOT_CLASS = YES_ERROR;
				CLANG_WARN_RANGE_LOOP_ANALYSIS = YES;
				CLANG_WARN_STRICT_PROTOTYPES = YES;
				CLANG_WARN_SUSPICIOUS_MOVE = YES;
				CLANG_WARN_UNGUARDED_AVAILABILITY = YES_AGGRESSIVE;
				CLANG_WARN_UNREACHABLE_CODE = YES;
				CLANG_WARN__DUPLICATE_METHOD_MATCH = YES;
				CODE_SIGN_IDENTITY = "iPhone Developer";
				COPY_PHASE_STRIP = NO;
				DEBUG_INFORMATION_FORMAT = "dwarf-with-dsym";
				ENABLE_NS_ASSERTIONS = NO;
				ENABLE_STRICT_OBJC_MSGSEND = YES;
				GCC_C_LANGUAGE_STANDARD = gnu11;
				GCC_NO_COMMON_BLOCKS = YES;
				GCC_WARN_64_TO_32_BIT_CONVERSION = YES;
				GCC_WARN_ABOUT_RETURN_TYPE = YES_ERROR;
				GCC_WARN_UNDECLARED_SELECTOR = YES;
				GCC_WARN_UNINITIALIZED_AUTOS = YES_AGGRESSIVE;
				GCC_WARN_UNUSED_FUNCTION = YES;
				GCC_WARN_UNUSED_VARIABLE = YES;
				IPHONEOS_DEPLOYMENT_TARGET = 11.2;
				MTL_ENABLE_DEBUG_INFO = NO;
				SDKROOT = iphoneos;
				SWIFT_OPTIMIZATION_LEVEL = "-Owholemodule";
				VALIDATE_PRODUCT = YES;
			};
			name = Release;
		};
		11B6C520201507CC000CECC2 /* Debug */ = {
			isa = XCBuildConfiguration;
			buildSettings = {
				ASSETCATALOG_COMPILER_APPICON_NAME = AppIcon;
				CODE_SIGN_STYLE = Automatic;
				FRAMEWORK_SEARCH_PATHS = (
					"$(inherited)",
					"$(PROJECT_DIR)",
				);
				INFOPLIST_FILE = KittyCat/Info.plist;
				LD_RUNPATH_SEARCH_PATHS = "$(inherited) @executable_path/Frameworks";
				PRODUCT_BUNDLE_IDENTIFIER = com.sabrinarubert.KittyCat;
				PRODUCT_NAME = "$(TARGET_NAME)";
				SWIFT_OBJC_BRIDGING_HEADER = "Bridging-Header.h";
				SWIFT_VERSION = 4.0;
				TARGETED_DEVICE_FAMILY = "1,2";
			};
			name = Debug;
		};
		11B6C521201507CC000CECC2 /* Release */ = {
			isa = XCBuildConfiguration;
			buildSettings = {
				ASSETCATALOG_COMPILER_APPICON_NAME = AppIcon;
				CODE_SIGN_STYLE = Automatic;
				FRAMEWORK_SEARCH_PATHS = (
					"$(inherited)",
					"$(PROJECT_DIR)",
				);
				INFOPLIST_FILE = KittyCat/Info.plist;
				LD_RUNPATH_SEARCH_PATHS = "$(inherited) @executable_path/Frameworks";
				PRODUCT_BUNDLE_IDENTIFIER = com.sabrinarubert.KittyCat;
				PRODUCT_NAME = "$(TARGET_NAME)";
				SWIFT_OBJC_BRIDGING_HEADER = "Bridging-Header.h";
				SWIFT_VERSION = 4.0;
				TARGETED_DEVICE_FAMILY = "1,2";
			};
			name = Release;
		};
/* End XCBuildConfiguration section */

/* Begin XCConfigurationList section */
		11B6C508201507CC000CECC2 /* Build configuration list for PBXProject "KittyCat" */ = {
			isa = XCConfigurationList;
			buildConfigurations = (
				11B6C51D201507CC000CECC2 /* Debug */,
				11B6C51E201507CC000CECC2 /* Release */,
			);
			defaultConfigurationIsVisible = 0;
			defaultConfigurationName = Release;
		};
		11B6C51F201507CC000CECC2 /* Build configuration list for PBXNativeTarget "KittyCat" */ = {
			isa = XCConfigurationList;
			buildConfigurations = (
				11B6C520201507CC000CECC2 /* Debug */,
				11B6C521201507CC000CECC2 /* Release */,
			);
			defaultConfigurationIsVisible = 0;
			defaultConfigurationName = Release;
		};
/* End XCConfigurationList section */
	};
	rootObject = 11B6C505201507CC000CECC2 /* Project object */;
}
